# This file is automatically @generated by Cargo.
# It is not intended for manual editing.
version = 3

[[package]]
name = "clap_derive"
version = "0.0.0"
dependencies = [
 "proc-macro-error",
]

[[package]]
name = "mybindep"
version = "0.0.0"
dependencies = [
 "clap_derive",
]

[[package]]
name = "mycrate"
version = "0.0.0"
dependencies = [
 "mybindep",
 "structopt-derive",
]

[[package]]
name = "proc-macro-error"
version = "0.0.0"
dependencies = [
 "syn",
]

[[package]]
name = "structopt-derive"
version = "0.0.0"
dependencies = [
 "proc-macro-error",
 "syn",
]

[[package]]
name = "syn"
version = "0.0.0"
